
Microsoft Visual Studio Solution File, Format Version 12.00
# Visual Studio Version 17
VisualStudioVersion = 17.3.32825.248
MinimumVisualStudioVersion = 10.0.40219.1
Project("{FAE04EC0-301F-11D3-BF4B-00C04F79EFBC}") = "finaldelivery", "finaldelivery.csproj", "{FCE1E2F9-3598-44E7-A871-16311C725F69}"
EndProject
Global
	GlobalSection(SolutionConfigurationPlatforms) = preSolution
		Debug|Any CPU = Debug|Any CPU
		Release|Any CPU = Release|Any CPU
	EndGlobalSection
	GlobalSection(ProjectConfigurationPlatforms) = postSolution
		{FCE1E2F9-3598-44E7-A871-16311C725F69}.Debug|Any CPU.ActiveCfg = Debug|Any CPU
		{FCE1E2F9-3598-44E7-A871-16311C725F69}.Debug|Any CPU.Build.0 = Debug|Any CPU
		{FCE1E2F9-3598-44E7-A871-16311C725F69}.Release|Any CPU.ActiveCfg = Release|Any CPU
		{FCE1E2F9-3598-44E7-A871-16311C725F69}.Release|Any CPU.Build.0 = Release|Any CPU
	EndGlobalSection
	GlobalSection(SolutionProperties) = preSolution
		HideSolutionNode = FALSE
	EndGlobalSection
	GlobalSection(ExtensibilityGlobals) = postSolution
		SolutionGuid = {DCC9BA13-A5E8-4298-BDEC-462862B33E14}
	EndGlobalSection
EndGlobal
